
Microsoft Visual Studio Solution File, Format Version 12.00
# Visual Studio Version 16
VisualStudioVersion = 16.0.30503.244
MinimumVisualStudioVersion = 10.0.40219.1
Project("{FAE04EC0-301F-11D3-BF4B-00C04F79EFBC}") = "SR6", "SR6\SR6.csproj", "{18CF80A4-DC2C-45C4-B786-7352F1374BF5}"
EndProject
Global
	GlobalSection(SolutionConfigurationPlatforms) = preSolution
		Debug|Any CPU = Debug|Any CPU
		Release|Any CPU = Release|Any CPU
	EndGlobalSection
	GlobalSection(ProjectConfigurationPlatforms) = postSolution
		{18CF80A4-DC2C-45C4-B786-7352F1374BF5}.Debug|Any CPU.ActiveCfg = Debug|Any CPU
		{18CF80A4-DC2C-45C4-B786-7352F1374BF5}.Debug|Any CPU.Build.0 = Debug|Any CPU
		{18CF80A4-DC2C-45C4-B786-7352F1374BF5}.Release|Any CPU.ActiveCfg = Release|Any CPU
		{18CF80A4-DC2C-45C4-B786-7352F1374BF5}.Release|Any CPU.Build.0 = Release|Any CPU
	EndGlobalSection
	GlobalSection(SolutionProperties) = preSolution
		HideSolutionNode = FALSE
	EndGlobalSection
	GlobalSection(ExtensibilityGlobals) = postSolution
		SolutionGuid = {18E6F3F7-805F-4D22-8E61-42094C1521ED}
	EndGlobalSection
EndGlobal
