
Microsoft Visual Studio Solution File, Format Version 12.00
# Visual Studio Version 16
VisualStudioVersion = 16.0.30503.244
MinimumVisualStudioVersion = 10.0.40219.1
Project("{FAE04EC0-301F-11D3-BF4B-00C04F79EFBC}") = "Lab8", "Lab8\Lab8.csproj", "{FE21A2F7-BE1D-4100-9381-AD0C866441CD}"
EndProject
Global
	GlobalSection(SolutionConfigurationPlatforms) = preSolution
		Debug|Any CPU = Debug|Any CPU
		Release|Any CPU = Release|Any CPU
	EndGlobalSection
	GlobalSection(ProjectConfigurationPlatforms) = postSolution
		{FE21A2F7-BE1D-4100-9381-AD0C866441CD}.Debug|Any CPU.ActiveCfg = Debug|Any CPU
		{FE21A2F7-BE1D-4100-9381-AD0C866441CD}.Debug|Any CPU.Build.0 = Debug|Any CPU
		{FE21A2F7-BE1D-4100-9381-AD0C866441CD}.Release|Any CPU.ActiveCfg = Release|Any CPU
		{FE21A2F7-BE1D-4100-9381-AD0C866441CD}.Release|Any CPU.Build.0 = Release|Any CPU
	EndGlobalSection
	GlobalSection(SolutionProperties) = preSolution
		HideSolutionNode = FALSE
	EndGlobalSection
	GlobalSection(ExtensibilityGlobals) = postSolution
		SolutionGuid = {DBEE9EB1-DD21-4107-A222-9F73872F923F}
	EndGlobalSection
EndGlobal
